// !$*UTF8*$!
{
	archiveVersion = 1;
	classes = {
	};
	objectVersion = 46;
	objects = {

/* Begin PBXBuildFile section */
		7BE7439E1DF5C997006C0E0B /* E89iOSVersionChecker.h in CopyFiles */ = {isa = PBXBuildFile; fileRef = 7BE7439B1DF5C997006C0E0B /* E89iOSVersionChecker.h */; };
		7BE743A61DF5D130006C0E0B /* VersionChecker.m in Sources */ = {isa = PBXBuildFile; fileRef = 7BE743A51DF5D130006C0E0B /* VersionChecker.m */; };
		7BE743A91DF5D1D9006C0E0B /* AbstractUpdatesExecutor.m in Sources */ = {isa = PBXBuildFile; fileRef = 7BE743A81DF5D1D9006C0E0B /* AbstractUpdatesExecutor.m */; };
/* End PBXBuildFile section */

/* Begin PBXCopyFilesBuildPhase section */
		7BE743961DF5C997006C0E0B /* CopyFiles */ = {
			isa = PBXCopyFilesBuildPhase;
			buildActionMask = 2147483647;
			dstPath = "include/$(PRODUCT_NAME)";
			dstSubfolderSpec = 16;
			files = (
				7BE7439E1DF5C997006C0E0B /* E89iOSVersionChecker.h in CopyFiles */,
			);
			runOnlyForDeploymentPostprocessing = 0;
		};
/* End PBXCopyFilesBuildPhase section */

/* Begin PBXFileReference section */
		7BE743981DF5C997006C0E0B /* libE89iOSVersionChecker.a */ = {isa = PBXFileReference; explicitFileType = archive.ar; includeInIndex = 0; path = libE89iOSVersionChecker.a; sourceTree = BUILT_PRODUCTS_DIR; };
		7BE7439B1DF5C997006C0E0B /* E89iOSVersionChecker.h */ = {isa = PBXFileReference; lastKnownFileType = sourcecode.c.h; path = E89iOSVersionChecker.h; sourceTree = "<group>"; };
		7BE743A41DF5D130006C0E0B /* VersionChecker.h */ = {isa = PBXFileReference; fileEncoding = 4; lastKnownFileType = sourcecode.c.h; path = VersionChecker.h; sourceTree = "<group>"; };
		7BE743A51DF5D130006C0E0B /* VersionChecker.m */ = {isa = PBXFileReference; fileEncoding = 4; lastKnownFileType = sourcecode.c.objc; path = VersionChecker.m; sourceTree = "<group>"; };
		7BE743A71DF5D1D9006C0E0B /* AbstractUpdatesExecutor.h */ = {isa = PBXFileReference; fileEncoding = 4; lastKnownFileType = sourcecode.c.h; path = AbstractUpdatesExecutor.h; sourceTree = "<group>"; };
		7BE743A81DF5D1D9006C0E0B /* AbstractUpdatesExecutor.m */ = {isa = PBXFileReference; fileEncoding = 4; lastKnownFileType = sourcecode.c.objc; path = AbstractUpdatesExecutor.m; sourceTree = "<group>"; };
		7BE743AA1DF5E077006C0E0B /* Info.plist */ = {isa = PBXFileReference; fileEncoding = 4; lastKnownFileType = text.plist.xml; path = Info.plist; sourceTree = "<group>"; };
/* End PBXFileReference section */

/* Begin PBXFrameworksBuildPhase section */
		7BE743951DF5C997006C0E0B /* Frameworks */ = {
			isa = PBXFrameworksBuildPhase;
			buildActionMask = 2147483647;
			files = (
			);
			runOnlyForDeploymentPostprocessing = 0;
		};
/* End PBXFrameworksBuildPhase section */

/* Begin PBXGroup section */
		7BE7438F1DF5C997006C0E0B = {
			isa = PBXGroup;
			children = (
				7BE7439A1DF5C997006C0E0B /* E89iOSVersionChecker */,
				7BE743991DF5C997006C0E0B /* Products */,
			);
			sourceTree = "<group>";
		};
		7BE743991DF5C997006C0E0B /* Products */ = {
			isa = PBXGroup;
			children = (
				7BE743981DF5C997006C0E0B /* libE89iOSVersionChecker.a */,
			);
			name = Products;
			sourceTree = "<group>";
		};
		7BE7439A1DF5C997006C0E0B /* E89iOSVersionChecker */ = {
			isa = PBXGroup;
			children = (
				7BE7439B1DF5C997006C0E0B /* E89iOSVersionChecker.h */,
				7BE743A41DF5D130006C0E0B /* VersionChecker.h */,
				7BE743A51DF5D130006C0E0B /* VersionChecker.m */,
				7BE743A71DF5D1D9006C0E0B /* AbstractUpdatesExecutor.h */,
				7BE743A81DF5D1D9006C0E0B /* AbstractUpdatesExecutor.m */,
				7BE743AA1DF5E077006C0E0B /* Info.plist */,
			);
			path = E89iOSVersionChecker;
			sourceTree = "<group>";
		};
/* End PBXGroup section */

/* Begin PBXNativeTarget section */
		7BE743971DF5C997006C0E0B /* E89iOSVersionChecker */ = {
			isa = PBXNativeTarget;
			buildConfigurationList = 7BE743A11DF5C997006C0E0B /* Build configuration list for PBXNativeTarget "E89iOSVersionChecker" */;
			buildPhases = (
				7BE743941DF5C997006C0E0B /* Sources */,
				7BE743951DF5C997006C0E0B /* Frameworks */,
				7BE743961DF5C997006C0E0B /* CopyFiles */,
			);
			buildRules = (
			);
			dependencies = (
			);
			name = E89iOSVersionChecker;
			productName = E89iOSVersionChecker;
			productReference = 7BE743981DF5C997006C0E0B /* libE89iOSVersionChecker.a */;
			productType = "com.apple.product-type.library.static";
		};
/* End PBXNativeTarget section */

/* Begin PBXProject section */
		7BE743901DF5C997006C0E0B /* Project object */ = {
			isa = PBXProject;
			attributes = {
				LastUpgradeCheck = 0810;
				ORGANIZATIONNAME = "Estúdio 89";
				TargetAttributes = {
					7BE743971DF5C997006C0E0B = {
						CreatedOnToolsVersion = 8.1;
						DevelopmentTeam = FMU8FF78B7;
						ProvisioningStyle = Automatic;
					};
				};
			};
			buildConfigurationList = 7BE743931DF5C997006C0E0B /* Build configuration list for PBXProject "E89iOSVersionChecker" */;
			compatibilityVersion = "Xcode 3.2";
			developmentRegion = English;
			hasScannedForEncodings = 0;
			knownRegions = (
				en,
			);
			mainGroup = 7BE7438F1DF5C997006C0E0B;
			productRefGroup = 7BE743991DF5C997006C0E0B /* Products */;
			projectDirPath = "";
			projectRoot = "";
			targets = (
				7BE743971DF5C997006C0E0B /* E89iOSVersionChecker */,
			);
		};
/* End PBXProject section */

/* Begin PBXSourcesBuildPhase section */
		7BE743941DF5C997006C0E0B /* Sources */ = {
			isa = PBXSourcesBuildPhase;
			buildActionMask = 2147483647;
			files = (
				7BE743A61DF5D130006C0E0B /* VersionChecker.m in Sources */,
				7BE743A91DF5D1D9006C0E0B /* AbstractUpdatesExecutor.m in Sources */,
			);
			runOnlyForDeploymentPostprocessing = 0;
		};
/* End PBXSourcesBuildPhase section */

/* Begin XCBuildConfiguration section */
		7BE7439F1DF5C997006C0E0B /* Debug */ = {
			isa = XCBuildConfiguration;
			buildSettings = {
				ALWAYS_SEARCH_USER_PATHS = NO;
				CLANG_ANALYZER_NONNULL = YES;
				CLANG_CXX_LANGUAGE_STANDARD = "gnu++0x";
				CLANG_CXX_LIBRARY = "libc++";
				CLANG_ENABLE_MODULES = YES;
				CLANG_ENABLE_OBJC_ARC = YES;
				CLANG_WARN_BOOL_CONVERSION = YES;
				CLANG_WARN_CONSTANT_CONVERSION = YES;
				CLANG_WARN_DIRECT_OBJC_ISA_USAGE = YES_ERROR;
				CLANG_WARN_DOCUMENTATION_COMMENTS = YES;
				CLANG_WARN_EMPTY_BODY = YES;
				CLANG_WARN_ENUM_CONVERSION = YES;
				CLANG_WARN_INFINITE_RECURSION = YES;
				CLANG_WARN_INT_CONVERSION = YES;
				CLANG_WARN_OBJC_ROOT_CLASS = YES_ERROR;
				CLANG_WARN_SUSPICIOUS_MOVES = YES;
				CLANG_WARN_UNREACHABLE_CODE = YES;
				CLANG_WARN__DUPLICATE_METHOD_MATCH = YES;
				"CODE_SIGN_IDENTITY[sdk=iphoneos*]" = "iPhone Developer";
				COPY_PHASE_STRIP = NO;
				DEBUG_INFORMATION_FORMAT = dwarf;
				ENABLE_STRICT_OBJC_MSGSEND = YES;
				ENABLE_TESTABILITY = YES;
				GCC_C_LANGUAGE_STANDARD = gnu99;
				GCC_DYNAMIC_NO_PIC = NO;
				GCC_NO_COMMON_BLOCKS = YES;
				GCC_OPTIMIZATION_LEVEL = 0;
				GCC_PREPROCESSOR_DEFINITIONS = (
					"DEBUG=1",
					"$(inherited)",
				);
				GCC_WARN_64_TO_32_BIT_CONVERSION = YES;
				GCC_WARN_ABOUT_RETURN_TYPE = YES_ERROR;
				GCC_WARN_UNDECLARED_SELECTOR = YES;
				GCC_WARN_UNINITIALIZED_AUTOS = YES_AGGRESSIVE;
				GCC_WARN_UNUSED_FUNCTION = YES;
				GCC_WARN_UNUSED_VARIABLE = YES;
				IPHONEOS_DEPLOYMENT_TARGET = 7.0;
				MTL_ENABLE_DEBUG_INFO = YES;
				ONLY_ACTIVE_ARCH = YES;
				SDKROOT = iphoneos;
			};
			name = Debug;
		};
		7BE743A01DF5C997006C0E0B /* Release */ = {
			isa = XCBuildConfiguration;
			buildSettings = {
				ALWAYS_SEARCH_USER_PATHS = NO;
				CLANG_ANALYZER_NONNULL = YES;
				CLANG_CXX_LANGUAGE_STANDARD = "gnu++0x";
				CLANG_CXX_LIBRARY = "libc++";
				CLANG_ENABLE_MODULES = YES;
				CLANG_ENABLE_OBJC_ARC = YES;
				CLANG_WARN_BOOL_CONVERSION = YES;
				CLANG_WARN_CONSTANT_CONVERSION = YES;
				CLANG_WARN_DIRECT_OBJC_ISA_USAGE = YES_ERROR;
				CLANG_WARN_DOCUMENTATION_COMMENTS = YES;
				CLANG_WARN_EMPTY_BODY = YES;
				CLANG_WARN_ENUM_CONVERSION = YES;
				CLANG_WARN_INFINITE_RECURSION = YES;
				CLANG_WARN_INT_CONVERSION = YES;
				CLANG_WARN_OBJC_ROOT_CLASS = YES_ERROR;
				CLANG_WARN_SUSPICIOUS_MOVES = YES;
				CLANG_WARN_UNREACHABLE_CODE = YES;
				CLANG_WARN__DUPLICATE_METHOD_MATCH = YES;
				"CODE_SIGN_IDENTITY[sdk=iphoneos*]" = "iPhone Developer";
				COPY_PHASE_STRIP = NO;
				DEBUG_INFORMATION_FORMAT = "dwarf-with-dsym";
				ENABLE_NS_ASSERTIONS = NO;
				ENABLE_STRICT_OBJC_MSGSEND = YES;
				GCC_C_LANGUAGE_STANDARD = gnu99;
				GCC_NO_COMMON_BLOCKS = YES;
				GCC_WARN_64_TO_32_BIT_CONVERSION = YES;
				GCC_WARN_ABOUT_RETURN_TYPE = YES_ERROR;
				GCC_WARN_UNDECLARED_SELECTOR = YES;
				GCC_WARN_UNINITIALIZED_AUTOS = YES_AGGRESSIVE;
				GCC_WARN_UNUSED_FUNCTION = YES;
				GCC_WARN_UNUSED_VARIABLE = YES;
				IPHONEOS_DEPLOYMENT_TARGET = 7.0;
				MTL_ENABLE_DEBUG_INFO = NO;
				SDKROOT = iphoneos;
				VALIDATE_PRODUCT = YES;
			};
			name = Release;
		};
		7BE743A21DF5C997006C0E0B /* Debug */ = {
			isa = XCBuildConfiguration;
			buildSettings = {
				DEVELOPMENT_TEAM = FMU8FF78B7;
				OTHER_LDFLAGS = "-ObjC";
				PRODUCT_NAME = "$(TARGET_NAME)";
				SKIP_INSTALL = YES;
			};
			name = Debug;
		};
		7BE743A31DF5C997006C0E0B /* Release */ = {
			isa = XCBuildConfiguration;
			buildSettings = {
				DEVELOPMENT_TEAM = FMU8FF78B7;
				OTHER_LDFLAGS = "-ObjC";
				PRODUCT_NAME = "$(TARGET_NAME)";
				SKIP_INSTALL = YES;
			};
			name = Release;
		};
/* End XCBuildConfiguration section */

/* Begin XCConfigurationList section */
		7BE743931DF5C997006C0E0B /* Build configuration list for PBXProject "E89iOSVersionChecker" */ = {
			isa = XCConfigurationList;
			buildConfigurations = (
				7BE7439F1DF5C997006C0E0B /* Debug */,
				7BE743A01DF5C997006C0E0B /* Release */,
			);
			defaultConfigurationIsVisible = 0;
			defaultConfigurationName = Release;
		};
		7BE743A11DF5C997006C0E0B /* Build configuration list for PBXNativeTarget "E89iOSVersionChecker" */ = {
			isa = XCConfigurationList;
			buildConfigurations = (
				7BE743A21DF5C997006C0E0B /* Debug */,
				7BE743A31DF5C997006C0E0B /* Release */,
			);
			defaultConfigurationIsVisible = 0;
			defaultConfigurationName = Release;
		};
/* End XCConfigurationList section */
	};
	rootObject = 7BE743901DF5C997006C0E0B /* Project object */;
}
